// !$*UTF8*$!
{
	archiveVersion = 1;
	classes = {
	};
	objectVersion = 77;
	objects = {

/* Begin PBXBuildFile section */
		02AF3920FBD0EDB7E8D232A4 /* SkeletonShimmer.swift in Sources */ = {isa = PBXBuildFile; fileRef = DEC6F889E1E9E472A515C516 /* SkeletonShimmer.swift */; };
		04716530A879F57B8FF2E07F /* FavoriteStoreTests.swift in Sources */ = {isa = PBXBuildFile; fileRef = D2CB77F6452F1B52A2275C7A /* FavoriteStoreTests.swift */; };
		090A95D918912B6AE3FB9DE9 /* MyTeamView.swift in Sources */ = {isa = PBXBuildFile; fileRef = F303D116E930E8C8D3E5E952 /* MyTeamView.swift */; };
		1468B2D8F92CF23A6A952E12 /* DonutChart.swift in Sources */ = {isa = PBXBuildFile; fileRef = 40295BA7D0A5994FF5D6324C /* DonutChart.swift */; };
		15B1B0884BE21A73EA0BEB18 /* sample-track-record.json in Resources */ = {isa = PBXBuildFile; fileRef = 12D7B3ED1273FFE30E196894 /* sample-track-record.json */; };
		16F0AA3FB1894F48069A28AC /* OddsHistoryDecodingTests.swift in Sources */ = {isa = PBXBuildFile; fileRef = FBAF5F6BCEBBD46250A7817F /* OddsHistoryDecodingTests.swift */; };
		2347C04B15EF1003A52563F7 /* TrackRecordService.swift in Sources */ = {isa = PBXBuildFile; fileRef = A94D2B88E28179A76230552F /* TrackRecordService.swift */; };
		24130C58D7ABAFD8A96509E3 /* MatchDetailView.swift in Sources */ = {isa = PBXBuildFile; fileRef = FE9695D6877BBF66681F3C51 /* MatchDetailView.swift */; };
		28BC0736215DD9819CA96C2A /* MatchExtensionDecodingTests.swift in Sources */ = {isa = PBXBuildFile; fileRef = 15AB058CA65B59A54AEE9D8B /* MatchExtensionDecodingTests.swift */; };
		2922A3100621AD99FCA4CED6 /* AboutView.swift in Sources */ = {isa = PBXBuildFile; fileRef = 076B507B2BADAFB8B916C90F /* AboutView.swift */; };
		323C8ED3645C9894B904415F /* RootView.swift in Sources */ = {isa = PBXBuildFile; fileRef = A578C72BB9008E339AAC2A59 /* RootView.swift */; };
		34864D6DF27859AA6560B9ED /* SoccerOdds2026.storekit in Resources */ = {isa = PBXBuildFile; fileRef = 3E24BBFC1728095F50CEDA5B /* SoccerOdds2026.storekit */; };
		357CD803B590AED9C270DED8 /* AdBannerView.swift in Sources */ = {isa = PBXBuildFile; fileRef = DE04F9ECA29C2EF425FCDF24 /* AdBannerView.swift */; };
		38CB121715576BAE8C9B107C /* sample-predictions-ext.json in Resources */ = {isa = PBXBuildFile; fileRef = B087A6EFDD303F331329D6A0 /* sample-predictions-ext.json */; };
		3945E7455A4EC04A41009653 /* Assets.xcassets in Resources */ = {isa = PBXBuildFile; fileRef = 1DC5B743FF911CE172AFAD19 /* Assets.xcassets */; };
		3D0E653E2CA44BE8E825BB9D /* ProStore.swift in Sources */ = {isa = PBXBuildFile; fileRef = 086478C2762EB325299C708A /* ProStore.swift */; };
		3DC4DEB4A0A7B26C4AFC4A46 /* EdgeBadge.swift in Sources */ = {isa = PBXBuildFile; fileRef = CC5D0CD9EF1129039D06D9D7 /* EdgeBadge.swift */; };
		41E8BA9A6D9062901CB99FB5 /* PredictionsServiceTests.swift in Sources */ = {isa = PBXBuildFile; fileRef = 732DC682E91C33A304118BA6 /* PredictionsServiceTests.swift */; };
		4A61E46D666B429EF7E5C2BD /* sample-simulation.json in Resources */ = {isa = PBXBuildFile; fileRef = 229E6986260396AC534B77E1 /* sample-simulation.json */; };
		4CCDC3ADDB2F6A8C2C299F69 /* OddsHistoryService.swift in Sources */ = {isa = PBXBuildFile; fileRef = 3736306232036DEEA22F47E5 /* OddsHistoryService.swift */; };
		4D9BAEAEF9930539861830B2 /* ProbabilityBar.swift in Sources */ = {isa = PBXBuildFile; fileRef = D0036AD59A536B21C82BA73D /* ProbabilityBar.swift */; };
		5707C49E8AB09124920F5C9B /* SimulationService.swift in Sources */ = {isa = PBXBuildFile; fileRef = 42850BCE7E4C35CEA638B670 /* SimulationService.swift */; };
		5EA9106FDC544BF9CF70DF48 /* sample-predictions-ext.json in Resources */ = {isa = PBXBuildFile; fileRef = B087A6EFDD303F331329D6A0 /* sample-predictions-ext.json */; };
		65734E0F028FD783FE2560A0 /* OddsSparkline.swift in Sources */ = {isa = PBXBuildFile; fileRef = 1A92FA2EF91B5D94692E6DF1 /* OddsSparkline.swift */; };
		678F53F055C5165A0D7F6138 /* Prediction.swift in Sources */ = {isa = PBXBuildFile; fileRef = 5642033C0A828278F124C07E /* Prediction.swift */; };
		6B30B1D6AA7FA29526437567 /* sample-predictions.json in Resources */ = {isa = PBXBuildFile; fileRef = CCFD8F74505FFB4361E9A7D3 /* sample-predictions.json */; };
		6B690F3A5F6C4529F84BA8DD /* GoogleUserMessagingPlatform in Frameworks */ = {isa = PBXBuildFile; productRef = 2C98D03613CDC9354BC078E6 /* GoogleUserMessagingPlatform */; };
		6BE9F092BA374C4000B0BB9C /* Config.swift in Sources */ = {isa = PBXBuildFile; fileRef = A0FD98C995BFADDF0F0CA51F /* Config.swift */; };
		7E93F7ED21142C7DC6C3920B /* ProGateModifier.swift in Sources */ = {isa = PBXBuildFile; fileRef = B038E57266D862A99521A30E /* ProGateModifier.swift */; };
		82359E2E367706F647311892 /* Theme.swift in Sources */ = {isa = PBXBuildFile; fileRef = EA1AEBB76FBA40832EE43238 /* Theme.swift */; };
		868B8CF8ED3383F706926E4C /* FixturesView.swift in Sources */ = {isa = PBXBuildFile; fileRef = 5546523E3B0407C97967560F /* FixturesView.swift */; };
		8715BB6C4D8E06A9C04D4965 /* TrackRecordDecodingTests.swift in Sources */ = {isa = PBXBuildFile; fileRef = 9475D6670EED40596FB09EE3 /* TrackRecordDecodingTests.swift */; };
		8D574201BD2B4391A6154F03 /* MoreView.swift in Sources */ = {isa = PBXBuildFile; fileRef = CE53B59882912F11AC84229D /* MoreView.swift */; };
		930F9A747E6C0A12FD41A258 /* Simulation.swift in Sources */ = {isa = PBXBuildFile; fileRef = 1CD5AFA880F2859822611994 /* Simulation.swift */; };
		96FD4DDF978C4D83BDA6E417 /* PredictionsService.swift in Sources */ = {isa = PBXBuildFile; fileRef = 2BEC38261F1A140D6770CA9A /* PredictionsService.swift */; };
		992015AA5357FB73AD8CDACD /* FlagView.swift in Sources */ = {isa = PBXBuildFile; fileRef = DE4400CCE38784F43D157F41 /* FlagView.swift */; };
		9DB9D20E8ADA93FB2D70D55A /* TournamentView.swift in Sources */ = {isa = PBXBuildFile; fileRef = 85FB48B105DD84A3BA9E65FA /* TournamentView.swift */; };
		9EA61099F270EDEFB111803E /* App.swift in Sources */ = {isa = PBXBuildFile; fileRef = D73678F4151D7408E2E6EE42 /* App.swift */; };
		A3719D881F66E26BA9BF9E9F /* sample-odds-history.json in Resources */ = {isa = PBXBuildFile; fileRef = C6D35CF564830EF601C901A4 /* sample-odds-history.json */; };
		A7EB5AFAA09A544ABCC18F66 /* GoogleMobileAds in Frameworks */ = {isa = PBXBuildFile; productRef = FF3AE00D5D50568169F57A87 /* GoogleMobileAds */; };
		A8F580A7C4B5C5083AA559E9 /* teams.json in Resources */ = {isa = PBXBuildFile; fileRef = 252D33F14C15CB697C1B30D2 /* teams.json */; };
		ADAB967FEFC98D88B68AC524 /* ProStoreTests.swift in Sources */ = {isa = PBXBuildFile; fileRef = D0AE4CB57A48AF32BC29010E /* ProStoreTests.swift */; };
		B228DCA68889E8E9F9CAE93C /* sample-simulation.json in Resources */ = {isa = PBXBuildFile; fileRef = 229E6986260396AC534B77E1 /* sample-simulation.json */; };
		B29D8E125DCF1DEACF1B4F5F /* sample-track-record.json in Resources */ = {isa = PBXBuildFile; fileRef = 12D7B3ED1273FFE30E196894 /* sample-track-record.json */; };
		B7B79B34C0C3DA93CF9A11E6 /* OddsHistory.swift in Sources */ = {isa = PBXBuildFile; fileRef = 6228208D90F0EFD359EAB075 /* OddsHistory.swift */; };
		C6A30613192F778546EA4ECD /* PredictionDecodingTests.swift in Sources */ = {isa = PBXBuildFile; fileRef = 3049C850410F8D301ACE08CA /* PredictionDecodingTests.swift */; };
		C7FF5EC17D4D7895A2886F19 /* TrackRecordView.swift in Sources */ = {isa = PBXBuildFile; fileRef = D0C91D3013CB05AFCE0FF669 /* TrackRecordView.swift */; };
		C8169413026FF1599C86C722 /* NumberTicker.swift in Sources */ = {isa = PBXBuildFile; fileRef = 3C29F6A9F189A62ABEC36B32 /* NumberTicker.swift */; };
		CA8BD13DE66E803826586B06 /* PhaseTag.swift in Sources */ = {isa = PBXBuildFile; fileRef = 85B238DE0475BED0059F9831 /* PhaseTag.swift */; };
		CBE45FDE3A9A157DE5FFE0D4 /* sample-predictions.json in Resources */ = {isa = PBXBuildFile; fileRef = CCFD8F74505FFB4361E9A7D3 /* sample-predictions.json */; };
		E0B9502AB1D2A7DF2D3D70D6 /* SimulationDecodingTests.swift in Sources */ = {isa = PBXBuildFile; fileRef = 3CFB8EC9B2BC8534513F223A /* SimulationDecodingTests.swift */; };
		E268AC7FD83016CB67F748EB /* FavoriteStore.swift in Sources */ = {isa = PBXBuildFile; fileRef = 9F81B53C2611FDCD06DEA778 /* FavoriteStore.swift */; };
		E376B7469A020B8454C96CF5 /* sample-odds-history.json in Resources */ = {isa = PBXBuildFile; fileRef = C6D35CF564830EF601C901A4 /* sample-odds-history.json */; };
		E5C31811E3C8CED454A55FA0 /* PaywallView.swift in Sources */ = {isa = PBXBuildFile; fileRef = A0653042E386AA5E680A9E28 /* PaywallView.swift */; };
		E75522F3E41A7B9FE9803E98 /* SoccerOdds2026.storekit in Resources */ = {isa = PBXBuildFile; fileRef = 3E24BBFC1728095F50CEDA5B /* SoccerOdds2026.storekit */; };
		E82E2B2A3B9A7F1BB9E59A6D /* ReachFunnel.swift in Sources */ = {isa = PBXBuildFile; fileRef = 1D8C2D2136861A891DFE513B /* ReachFunnel.swift */; };
		EC5B428970E36B62848C3757 /* ConsentManager.swift in Sources */ = {isa = PBXBuildFile; fileRef = 7E9A9E1540434D69A37E0308 /* ConsentManager.swift */; };
		F519823ABD01AAEFFCB8266C /* UIThemeTests.swift in Sources */ = {isa = PBXBuildFile; fileRef = C0B17CEE022F8A3EA7BB3701 /* UIThemeTests.swift */; };
		F8F3E60216A1055DF3038BA9 /* TrackRecord.swift in Sources */ = {isa = PBXBuildFile; fileRef = 53D7E97093C87B6A0DE27A89 /* TrackRecord.swift */; };
		FA58E6A3DE8EBC24A5A28323 /* MatchRow.swift in Sources */ = {isa = PBXBuildFile; fileRef = 00B1AE5E2315A37C1C74D6D8 /* MatchRow.swift */; };
		FFBED57C8615DD21D63CF10A /* AnimatedProbBar.swift in Sources */ = {isa = PBXBuildFile; fileRef = 90DFF36D3AB0A6F87F430A0D /* AnimatedProbBar.swift */; };
/* End PBXBuildFile section */

/* Begin PBXContainerItemProxy section */
		0EDBE15CBACFED241843E754 /* PBXContainerItemProxy */ = {
			isa = PBXContainerItemProxy;
			containerPortal = 6CA35BDA31AB420C8E6823F6 /* Project object */;
			proxyType = 1;
			remoteGlobalIDString = C9E6BBB32DE825D349A9097E;
			remoteInfo = SoccerOdds2026;
		};
/* End PBXContainerItemProxy section */

/* Begin PBXFileReference section */
		00B1AE5E2315A37C1C74D6D8 /* MatchRow.swift */ = {isa = PBXFileReference; lastKnownFileType = sourcecode.swift; path = MatchRow.swift; sourceTree = "<group>"; };
		076B507B2BADAFB8B916C90F /* AboutView.swift */ = {isa = PBXFileReference; lastKnownFileType = sourcecode.swift; path = AboutView.swift; sourceTree = "<group>"; };
		086478C2762EB325299C708A /* ProStore.swift */ = {isa = PBXFileReference; lastKnownFileType = sourcecode.swift; path = ProStore.swift; sourceTree = "<group>"; };
		12D7B3ED1273FFE30E196894 /* sample-track-record.json */ = {isa = PBXFileReference; lastKnownFileType = text.json; path = "sample-track-record.json"; sourceTree = "<group>"; };
		15AB058CA65B59A54AEE9D8B /* MatchExtensionDecodingTests.swift */ = {isa = PBXFileReference; lastKnownFileType = sourcecode.swift; path = MatchExtensionDecodingTests.swift; sourceTree = "<group>"; };
		1A92FA2EF91B5D94692E6DF1 /* OddsSparkline.swift */ = {isa = PBXFileReference; lastKnownFileType = sourcecode.swift; path = OddsSparkline.swift; sourceTree = "<group>"; };
		1CD5AFA880F2859822611994 /* Simulation.swift */ = {isa = PBXFileReference; lastKnownFileType = sourcecode.swift; path = Simulation.swift; sourceTree = "<group>"; };
		1D8C2D2136861A891DFE513B /* ReachFunnel.swift */ = {isa = PBXFileReference; lastKnownFileType = sourcecode.swift; path = ReachFunnel.swift; sourceTree = "<group>"; };
		1DC5B743FF911CE172AFAD19 /* Assets.xcassets */ = {isa = PBXFileReference; lastKnownFileType = folder.assetcatalog; path = Assets.xcassets; sourceTree = "<group>"; };
		229E6986260396AC534B77E1 /* sample-simulation.json */ = {isa = PBXFileReference; lastKnownFileType = text.json; path = "sample-simulation.json"; sourceTree = "<group>"; };
		252D33F14C15CB697C1B30D2 /* teams.json */ = {isa = PBXFileReference; lastKnownFileType = text.json; path = teams.json; sourceTree = "<group>"; };
		2BEC38261F1A140D6770CA9A /* PredictionsService.swift */ = {isa = PBXFileReference; lastKnownFileType = sourcecode.swift; path = PredictionsService.swift; sourceTree = "<group>"; };
		3049C850410F8D301ACE08CA /* PredictionDecodingTests.swift */ = {isa = PBXFileReference; lastKnownFileType = sourcecode.swift; path = PredictionDecodingTests.swift; sourceTree = "<group>"; };
		3736306232036DEEA22F47E5 /* OddsHistoryService.swift */ = {isa = PBXFileReference; lastKnownFileType = sourcecode.swift; path = OddsHistoryService.swift; sourceTree = "<group>"; };
		3C29F6A9F189A62ABEC36B32 /* NumberTicker.swift */ = {isa = PBXFileReference; lastKnownFileType = sourcecode.swift; path = NumberTicker.swift; sourceTree = "<group>"; };
		3CFB8EC9B2BC8534513F223A /* SimulationDecodingTests.swift */ = {isa = PBXFileReference; lastKnownFileType = sourcecode.swift; path = SimulationDecodingTests.swift; sourceTree = "<group>"; };
		3E24BBFC1728095F50CEDA5B /* SoccerOdds2026.storekit */ = {isa = PBXFileReference; path = SoccerOdds2026.storekit; sourceTree = "<group>"; };
		40295BA7D0A5994FF5D6324C /* DonutChart.swift */ = {isa = PBXFileReference; lastKnownFileType = sourcecode.swift; path = DonutChart.swift; sourceTree = "<group>"; };
		42850BCE7E4C35CEA638B670 /* SimulationService.swift */ = {isa = PBXFileReference; lastKnownFileType = sourcecode.swift; path = SimulationService.swift; sourceTree = "<group>"; };
		53D7E97093C87B6A0DE27A89 /* TrackRecord.swift */ = {isa = PBXFileReference; lastKnownFileType = sourcecode.swift; path = TrackRecord.swift; sourceTree = "<group>"; };
		5546523E3B0407C97967560F /* FixturesView.swift */ = {isa = PBXFileReference; lastKnownFileType = sourcecode.swift; path = FixturesView.swift; sourceTree = "<group>"; };
		5642033C0A828278F124C07E /* Prediction.swift */ = {isa = PBXFileReference; lastKnownFileType = sourcecode.swift; path = Prediction.swift; sourceTree = "<group>"; };
		6228208D90F0EFD359EAB075 /* OddsHistory.swift */ = {isa = PBXFileReference; lastKnownFileType = sourcecode.swift; path = OddsHistory.swift; sourceTree = "<group>"; };
		732DC682E91C33A304118BA6 /* PredictionsServiceTests.swift */ = {isa = PBXFileReference; lastKnownFileType = sourcecode.swift; path = PredictionsServiceTests.swift; sourceTree = "<group>"; };
		7E9A9E1540434D69A37E0308 /* ConsentManager.swift */ = {isa = PBXFileReference; lastKnownFileType = sourcecode.swift; path = ConsentManager.swift; sourceTree = "<group>"; };
		85B238DE0475BED0059F9831 /* PhaseTag.swift */ = {isa = PBXFileReference; lastKnownFileType = sourcecode.swift; path = PhaseTag.swift; sourceTree = "<group>"; };
		85FB48B105DD84A3BA9E65FA /* TournamentView.swift */ = {isa = PBXFileReference; lastKnownFileType = sourcecode.swift; path = TournamentView.swift; sourceTree = "<group>"; };
		8AED1460D908C0CB365BB93F /* SoccerOdds2026.app */ = {isa = PBXFileReference; includeInIndex = 0; lastKnownFileType = wrapper.application; path = SoccerOdds2026.app; sourceTree = BUILT_PRODUCTS_DIR; };
		90DFF36D3AB0A6F87F430A0D /* AnimatedProbBar.swift */ = {isa = PBXFileReference; lastKnownFileType = sourcecode.swift; path = AnimatedProbBar.swift; sourceTree = "<group>"; };
		9475D6670EED40596FB09EE3 /* TrackRecordDecodingTests.swift */ = {isa = PBXFileReference; lastKnownFileType = sourcecode.swift; path = TrackRecordDecodingTests.swift; sourceTree = "<group>"; };
		9F81B53C2611FDCD06DEA778 /* FavoriteStore.swift */ = {isa = PBXFileReference; lastKnownFileType = sourcecode.swift; path = FavoriteStore.swift; sourceTree = "<group>"; };
		A0653042E386AA5E680A9E28 /* PaywallView.swift */ = {isa = PBXFileReference; lastKnownFileType = sourcecode.swift; path = PaywallView.swift; sourceTree = "<group>"; };
		A0FD98C995BFADDF0F0CA51F /* Config.swift */ = {isa = PBXFileReference; lastKnownFileType = sourcecode.swift; path = Config.swift; sourceTree = "<group>"; };
		A17D004D0F32027AE5F2CA90 /* Info.plist */ = {isa = PBXFileReference; lastKnownFileType = text.plist; path = Info.plist; sourceTree = "<group>"; };
		A578C72BB9008E339AAC2A59 /* RootView.swift */ = {isa = PBXFileReference; lastKnownFileType = sourcecode.swift; path = RootView.swift; sourceTree = "<group>"; };
		A94D2B88E28179A76230552F /* TrackRecordService.swift */ = {isa = PBXFileReference; lastKnownFileType = sourcecode.swift; path = TrackRecordService.swift; sourceTree = "<group>"; };
		B038E57266D862A99521A30E /* ProGateModifier.swift */ = {isa = PBXFileReference; lastKnownFileType = sourcecode.swift; path = ProGateModifier.swift; sourceTree = "<group>"; };
		B087A6EFDD303F331329D6A0 /* sample-predictions-ext.json */ = {isa = PBXFileReference; lastKnownFileType = text.json; path = "sample-predictions-ext.json"; sourceTree = "<group>"; };
		C0B17CEE022F8A3EA7BB3701 /* UIThemeTests.swift */ = {isa = PBXFileReference; lastKnownFileType = sourcecode.swift; path = UIThemeTests.swift; sourceTree = "<group>"; };
		C6D35CF564830EF601C901A4 /* sample-odds-history.json */ = {isa = PBXFileReference; lastKnownFileType = text.json; path = "sample-odds-history.json"; sourceTree = "<group>"; };
		CC5D0CD9EF1129039D06D9D7 /* EdgeBadge.swift */ = {isa = PBXFileReference; lastKnownFileType = sourcecode.swift; path = EdgeBadge.swift; sourceTree = "<group>"; };
		CCFD8F74505FFB4361E9A7D3 /* sample-predictions.json */ = {isa = PBXFileReference; lastKnownFileType = text.json; path = "sample-predictions.json"; sourceTree = "<group>"; };
		CE53B59882912F11AC84229D /* MoreView.swift */ = {isa = PBXFileReference; lastKnownFileType = sourcecode.swift; path = MoreView.swift; sourceTree = "<group>"; };
		D0036AD59A536B21C82BA73D /* ProbabilityBar.swift */ = {isa = PBXFileReference; lastKnownFileType = sourcecode.swift; path = ProbabilityBar.swift; sourceTree = "<group>"; };
		D0AE4CB57A48AF32BC29010E /* ProStoreTests.swift */ = {isa = PBXFileReference; lastKnownFileType = sourcecode.swift; path = ProStoreTests.swift; sourceTree = "<group>"; };
		D0C91D3013CB05AFCE0FF669 /* TrackRecordView.swift */ = {isa = PBXFileReference; lastKnownFileType = sourcecode.swift; path = TrackRecordView.swift; sourceTree = "<group>"; };
		D2CB77F6452F1B52A2275C7A /* FavoriteStoreTests.swift */ = {isa = PBXFileReference; lastKnownFileType = sourcecode.swift; path = FavoriteStoreTests.swift; sourceTree = "<group>"; };
		D73678F4151D7408E2E6EE42 /* App.swift */ = {isa = PBXFileReference; lastKnownFileType = sourcecode.swift; path = App.swift; sourceTree = "<group>"; };
		DE04F9ECA29C2EF425FCDF24 /* AdBannerView.swift */ = {isa = PBXFileReference; lastKnownFileType = sourcecode.swift; path = AdBannerView.swift; sourceTree = "<group>"; };
		DE4400CCE38784F43D157F41 /* FlagView.swift */ = {isa = PBXFileReference; lastKnownFileType = sourcecode.swift; path = FlagView.swift; sourceTree = "<group>"; };
		DEC6F889E1E9E472A515C516 /* SkeletonShimmer.swift */ = {isa = PBXFileReference; lastKnownFileType = sourcecode.swift; path = SkeletonShimmer.swift; sourceTree = "<group>"; };
		E02C894C21CDA156BF89A0A4 /* SoccerOdds2026Tests.xctest */ = {isa = PBXFileReference; includeInIndex = 0; lastKnownFileType = wrapper.cfbundle; path = SoccerOdds2026Tests.xctest; sourceTree = BUILT_PRODUCTS_DIR; };
		EA1AEBB76FBA40832EE43238 /* Theme.swift */ = {isa = PBXFileReference; lastKnownFileType = sourcecode.swift; path = Theme.swift; sourceTree = "<group>"; };
		F303D116E930E8C8D3E5E952 /* MyTeamView.swift */ = {isa = PBXFileReference; lastKnownFileType = sourcecode.swift; path = MyTeamView.swift; sourceTree = "<group>"; };
		FBAF5F6BCEBBD46250A7817F /* OddsHistoryDecodingTests.swift */ = {isa = PBXFileReference; lastKnownFileType = sourcecode.swift; path = OddsHistoryDecodingTests.swift; sourceTree = "<group>"; };
		FE9695D6877BBF66681F3C51 /* MatchDetailView.swift */ = {isa = PBXFileReference; lastKnownFileType = sourcecode.swift; path = MatchDetailView.swift; sourceTree = "<group>"; };
/* End PBXFileReference section */

/* Begin PBXFrameworksBuildPhase section */
		98A55FC9E1CC63F8A862B7BA /* Frameworks */ = {
			isa = PBXFrameworksBuildPhase;
			buildActionMask = 2147483647;
			files = (
				A7EB5AFAA09A544ABCC18F66 /* GoogleMobileAds in Frameworks */,
				6B690F3A5F6C4529F84BA8DD /* GoogleUserMessagingPlatform in Frameworks */,
			);
			runOnlyForDeploymentPostprocessing = 0;
		};
/* End PBXFrameworksBuildPhase section */

/* Begin PBXGroup section */
		0CCBBB0D77CDC34099DFA8F1 /* Resources */ = {
			isa = PBXGroup;
			children = (
				C6D35CF564830EF601C901A4 /* sample-odds-history.json */,
				B087A6EFDD303F331329D6A0 /* sample-predictions-ext.json */,
				CCFD8F74505FFB4361E9A7D3 /* sample-predictions.json */,
				229E6986260396AC534B77E1 /* sample-simulation.json */,
				12D7B3ED1273FFE30E196894 /* sample-track-record.json */,
				252D33F14C15CB697C1B30D2 /* teams.json */,
			);
			path = Resources;
			sourceTree = "<group>";
		};
		0D713943B291C0A4B2A9BC43 /* Views */ = {
			isa = PBXGroup;
			children = (
				076B507B2BADAFB8B916C90F /* AboutView.swift */,
				5546523E3B0407C97967560F /* FixturesView.swift */,
				FE9695D6877BBF66681F3C51 /* MatchDetailView.swift */,
				00B1AE5E2315A37C1C74D6D8 /* MatchRow.swift */,
				CE53B59882912F11AC84229D /* MoreView.swift */,
				F303D116E930E8C8D3E5E952 /* MyTeamView.swift */,
				A0653042E386AA5E680A9E28 /* PaywallView.swift */,
				A578C72BB9008E339AAC2A59 /* RootView.swift */,
				85FB48B105DD84A3BA9E65FA /* TournamentView.swift */,
				D0C91D3013CB05AFCE0FF669 /* TrackRecordView.swift */,
				41F6FA8A55A66C3880DA0075 /* Components */,
			);
			path = Views;
			sourceTree = "<group>";
		};
		143C1E440D0A8FA5A011EC84 = {
			isa = PBXGroup;
			children = (
				4B8E25E107A8630A227B695A /* SoccerOdds2026 */,
				C236D2457008521FFEA98265 /* SoccerOdds2026Tests */,
				8AB7C2424D17A89238C3C96D /* Products */,
			);
			sourceTree = "<group>";
		};
		41F6FA8A55A66C3880DA0075 /* Components */ = {
			isa = PBXGroup;
			children = (
				DE04F9ECA29C2EF425FCDF24 /* AdBannerView.swift */,
				90DFF36D3AB0A6F87F430A0D /* AnimatedProbBar.swift */,
				40295BA7D0A5994FF5D6324C /* DonutChart.swift */,
				CC5D0CD9EF1129039D06D9D7 /* EdgeBadge.swift */,
				DE4400CCE38784F43D157F41 /* FlagView.swift */,
				3C29F6A9F189A62ABEC36B32 /* NumberTicker.swift */,
				1A92FA2EF91B5D94692E6DF1 /* OddsSparkline.swift */,
				85B238DE0475BED0059F9831 /* PhaseTag.swift */,
				D0036AD59A536B21C82BA73D /* ProbabilityBar.swift */,
				B038E57266D862A99521A30E /* ProGateModifier.swift */,
				1D8C2D2136861A891DFE513B /* ReachFunnel.swift */,
				DEC6F889E1E9E472A515C516 /* SkeletonShimmer.swift */,
			);
			path = Components;
			sourceTree = "<group>";
		};
		4B8E25E107A8630A227B695A /* SoccerOdds2026 */ = {
			isa = PBXGroup;
			children = (
				D73678F4151D7408E2E6EE42 /* App.swift */,
				1DC5B743FF911CE172AFAD19 /* Assets.xcassets */,
				A0FD98C995BFADDF0F0CA51F /* Config.swift */,
				A17D004D0F32027AE5F2CA90 /* Info.plist */,
				3E24BBFC1728095F50CEDA5B /* SoccerOdds2026.storekit */,
				D2712550E869B7748B67863B /* Ads */,
				5BE421196620D49CF4498DD8 /* Models */,
				0CCBBB0D77CDC34099DFA8F1 /* Resources */,
				CD9F01E9E306899AA923B4E8 /* Services */,
				5307AAAC5FD2FB327132B996 /* Store */,
				6C508AACFDE0D7FC3B782FEA /* Theme */,
				0D713943B291C0A4B2A9BC43 /* Views */,
			);
			path = SoccerOdds2026;
			sourceTree = "<group>";
		};
		5307AAAC5FD2FB327132B996 /* Store */ = {
			isa = PBXGroup;
			children = (
				086478C2762EB325299C708A /* ProStore.swift */,
			);
			path = Store;
			sourceTree = "<group>";
		};
		5BE421196620D49CF4498DD8 /* Models */ = {
			isa = PBXGroup;
			children = (
				6228208D90F0EFD359EAB075 /* OddsHistory.swift */,
				5642033C0A828278F124C07E /* Prediction.swift */,
				1CD5AFA880F2859822611994 /* Simulation.swift */,
				53D7E97093C87B6A0DE27A89 /* TrackRecord.swift */,
			);
			path = Models;
			sourceTree = "<group>";
		};
		6C508AACFDE0D7FC3B782FEA /* Theme */ = {
			isa = PBXGroup;
			children = (
				EA1AEBB76FBA40832EE43238 /* Theme.swift */,
			);
			path = Theme;
			sourceTree = "<group>";
		};
		8AB7C2424D17A89238C3C96D /* Products */ = {
			isa = PBXGroup;
			children = (
				8AED1460D908C0CB365BB93F /* SoccerOdds2026.app */,
				E02C894C21CDA156BF89A0A4 /* SoccerOdds2026Tests.xctest */,
			);
			name = Products;
			sourceTree = "<group>";
		};
		C236D2457008521FFEA98265 /* SoccerOdds2026Tests */ = {
			isa = PBXGroup;
			children = (
				D2CB77F6452F1B52A2275C7A /* FavoriteStoreTests.swift */,
				15AB058CA65B59A54AEE9D8B /* MatchExtensionDecodingTests.swift */,
				FBAF5F6BCEBBD46250A7817F /* OddsHistoryDecodingTests.swift */,
				3049C850410F8D301ACE08CA /* PredictionDecodingTests.swift */,
				732DC682E91C33A304118BA6 /* PredictionsServiceTests.swift */,
				D0AE4CB57A48AF32BC29010E /* ProStoreTests.swift */,
				3CFB8EC9B2BC8534513F223A /* SimulationDecodingTests.swift */,
				9475D6670EED40596FB09EE3 /* TrackRecordDecodingTests.swift */,
				C0B17CEE022F8A3EA7BB3701 /* UIThemeTests.swift */,
			);
			path = SoccerOdds2026Tests;
			sourceTree = "<group>";
		};
		CD9F01E9E306899AA923B4E8 /* Services */ = {
			isa = PBXGroup;
			children = (
				9F81B53C2611FDCD06DEA778 /* FavoriteStore.swift */,
				3736306232036DEEA22F47E5 /* OddsHistoryService.swift */,
				2BEC38261F1A140D6770CA9A /* PredictionsService.swift */,
				42850BCE7E4C35CEA638B670 /* SimulationService.swift */,
				A94D2B88E28179A76230552F /* TrackRecordService.swift */,
			);
			path = Services;
			sourceTree = "<group>";
		};
		D2712550E869B7748B67863B /* Ads */ = {
			isa = PBXGroup;
			children = (
				7E9A9E1540434D69A37E0308 /* ConsentManager.swift */,
			);
			path = Ads;
			sourceTree = "<group>";
		};
/* End PBXGroup section */

/* Begin PBXNativeTarget section */
		C8CF9B5463524D4C79A67557 /* SoccerOdds2026Tests */ = {
			isa = PBXNativeTarget;
			buildConfigurationList = 9C9505E47DBC6F9514F128EF /* Build configuration list for PBXNativeTarget "SoccerOdds2026Tests" */;
			buildPhases = (
				81AF4D7FA9436DFEA8C88893 /* Sources */,
				D4BEE751FBB060AD2CE074BE /* Resources */,
			);
			buildRules = (
			);
			dependencies = (
				A2F51A29DF548317A904DD97 /* PBXTargetDependency */,
			);
			name = SoccerOdds2026Tests;
			packageProductDependencies = (
			);
			productName = SoccerOdds2026Tests;
			productReference = E02C894C21CDA156BF89A0A4 /* SoccerOdds2026Tests.xctest */;
			productType = "com.apple.product-type.bundle.unit-test";
		};
		C9E6BBB32DE825D349A9097E /* SoccerOdds2026 */ = {
			isa = PBXNativeTarget;
			buildConfigurationList = FFFE7C617E9ECBE9553E295D /* Build configuration list for PBXNativeTarget "SoccerOdds2026" */;
			buildPhases = (
				1F06ED727E211D7772A470F9 /* Sources */,
				4A6FB026E4727EE16CA142FE /* Resources */,
				98A55FC9E1CC63F8A862B7BA /* Frameworks */,
			);
			buildRules = (
			);
			dependencies = (
			);
			name = SoccerOdds2026;
			packageProductDependencies = (
				FF3AE00D5D50568169F57A87 /* GoogleMobileAds */,
				2C98D03613CDC9354BC078E6 /* GoogleUserMessagingPlatform */,
			);
			productName = SoccerOdds2026;
			productReference = 8AED1460D908C0CB365BB93F /* SoccerOdds2026.app */;
			productType = "com.apple.product-type.application";
		};
/* End PBXNativeTarget section */

/* Begin PBXProject section */
		6CA35BDA31AB420C8E6823F6 /* Project object */ = {
			isa = PBXProject;
			attributes = {
				BuildIndependentTargetsInParallel = YES;
				LastUpgradeCheck = 1430;
				TargetAttributes = {
				};
			};
			buildConfigurationList = C2CF3CBF2A7E241C549D81EC /* Build configuration list for PBXProject "SoccerOdds2026" */;
			developmentRegion = en;
			hasScannedForEncodings = 0;
			knownRegions = (
				Base,
				en,
			);
			mainGroup = 143C1E440D0A8FA5A011EC84;
			minimizedProjectReferenceProxies = 1;
			packageReferences = (
				2865C426F4904245F09D2FE2 /* XCRemoteSwiftPackageReference "swift-package-manager-google-mobile-ads" */,
				F65FC88EBD107E985E2EB2B9 /* XCRemoteSwiftPackageReference "swift-package-manager-google-user-messaging-platform" */,
			);
			preferredProjectObjectVersion = 77;
			productRefGroup = 8AB7C2424D17A89238C3C96D /* Products */;
			projectDirPath = "";
			projectRoot = "";
			targets = (
				C9E6BBB32DE825D349A9097E /* SoccerOdds2026 */,
				C8CF9B5463524D4C79A67557 /* SoccerOdds2026Tests */,
			);
		};
/* End PBXProject section */

/* Begin PBXResourcesBuildPhase section */
		4A6FB026E4727EE16CA142FE /* Resources */ = {
			isa = PBXResourcesBuildPhase;
			buildActionMask = 2147483647;
			files = (
				3945E7455A4EC04A41009653 /* Assets.xcassets in Resources */,
				34864D6DF27859AA6560B9ED /* SoccerOdds2026.storekit in Resources */,
				E376B7469A020B8454C96CF5 /* sample-odds-history.json in Resources */,
				38CB121715576BAE8C9B107C /* sample-predictions-ext.json in Resources */,
				CBE45FDE3A9A157DE5FFE0D4 /* sample-predictions.json in Resources */,
				4A61E46D666B429EF7E5C2BD /* sample-simulation.json in Resources */,
				B29D8E125DCF1DEACF1B4F5F /* sample-track-record.json in Resources */,
				A8F580A7C4B5C5083AA559E9 /* teams.json in Resources */,
			);
			runOnlyForDeploymentPostprocessing = 0;
		};
		D4BEE751FBB060AD2CE074BE /* Resources */ = {
			isa = PBXResourcesBuildPhase;
			buildActionMask = 2147483647;
			files = (
				E75522F3E41A7B9FE9803E98 /* SoccerOdds2026.storekit in Resources */,
				A3719D881F66E26BA9BF9E9F /* sample-odds-history.json in Resources */,
				5EA9106FDC544BF9CF70DF48 /* sample-predictions-ext.json in Resources */,
				6B30B1D6AA7FA29526437567 /* sample-predictions.json in Resources */,
				B228DCA68889E8E9F9CAE93C /* sample-simulation.json in Resources */,
				15B1B0884BE21A73EA0BEB18 /* sample-track-record.json in Resources */,
			);
			runOnlyForDeploymentPostprocessing = 0;
		};
/* End PBXResourcesBuildPhase section */

/* Begin PBXSourcesBuildPhase section */
		1F06ED727E211D7772A470F9 /* Sources */ = {
			isa = PBXSourcesBuildPhase;
			buildActionMask = 2147483647;
			files = (
				2922A3100621AD99FCA4CED6 /* AboutView.swift in Sources */,
				357CD803B590AED9C270DED8 /* AdBannerView.swift in Sources */,
				FFBED57C8615DD21D63CF10A /* AnimatedProbBar.swift in Sources */,
				9EA61099F270EDEFB111803E /* App.swift in Sources */,
				6BE9F092BA374C4000B0BB9C /* Config.swift in Sources */,
				EC5B428970E36B62848C3757 /* ConsentManager.swift in Sources */,
				1468B2D8F92CF23A6A952E12 /* DonutChart.swift in Sources */,
				3DC4DEB4A0A7B26C4AFC4A46 /* EdgeBadge.swift in Sources */,
				E268AC7FD83016CB67F748EB /* FavoriteStore.swift in Sources */,
				868B8CF8ED3383F706926E4C /* FixturesView.swift in Sources */,
				992015AA5357FB73AD8CDACD /* FlagView.swift in Sources */,
				24130C58D7ABAFD8A96509E3 /* MatchDetailView.swift in Sources */,
				FA58E6A3DE8EBC24A5A28323 /* MatchRow.swift in Sources */,
				8D574201BD2B4391A6154F03 /* MoreView.swift in Sources */,
				090A95D918912B6AE3FB9DE9 /* MyTeamView.swift in Sources */,
				C8169413026FF1599C86C722 /* NumberTicker.swift in Sources */,
				B7B79B34C0C3DA93CF9A11E6 /* OddsHistory.swift in Sources */,
				4CCDC3ADDB2F6A8C2C299F69 /* OddsHistoryService.swift in Sources */,
				65734E0F028FD783FE2560A0 /* OddsSparkline.swift in Sources */,
				E5C31811E3C8CED454A55FA0 /* PaywallView.swift in Sources */,
				CA8BD13DE66E803826586B06 /* PhaseTag.swift in Sources */,
				678F53F055C5165A0D7F6138 /* Prediction.swift in Sources */,
				96FD4DDF978C4D83BDA6E417 /* PredictionsService.swift in Sources */,
				7E93F7ED21142C7DC6C3920B /* ProGateModifier.swift in Sources */,
				3D0E653E2CA44BE8E825BB9D /* ProStore.swift in Sources */,
				4D9BAEAEF9930539861830B2 /* ProbabilityBar.swift in Sources */,
				E82E2B2A3B9A7F1BB9E59A6D /* ReachFunnel.swift in Sources */,
				323C8ED3645C9894B904415F /* RootView.swift in Sources */,
				930F9A747E6C0A12FD41A258 /* Simulation.swift in Sources */,
				5707C49E8AB09124920F5C9B /* SimulationService.swift in Sources */,
				02AF3920FBD0EDB7E8D232A4 /* SkeletonShimmer.swift in Sources */,
				82359E2E367706F647311892 /* Theme.swift in Sources */,
				9DB9D20E8ADA93FB2D70D55A /* TournamentView.swift in Sources */,
				F8F3E60216A1055DF3038BA9 /* TrackRecord.swift in Sources */,
				2347C04B15EF1003A52563F7 /* TrackRecordService.swift in Sources */,
				C7FF5EC17D4D7895A2886F19 /* TrackRecordView.swift in Sources */,
			);
			runOnlyForDeploymentPostprocessing = 0;
		};
		81AF4D7FA9436DFEA8C88893 /* Sources */ = {
			isa = PBXSourcesBuildPhase;
			buildActionMask = 2147483647;
			files = (
				04716530A879F57B8FF2E07F /* FavoriteStoreTests.swift in Sources */,
				28BC0736215DD9819CA96C2A /* MatchExtensionDecodingTests.swift in Sources */,
				16F0AA3FB1894F48069A28AC /* OddsHistoryDecodingTests.swift in Sources */,
				C6A30613192F778546EA4ECD /* PredictionDecodingTests.swift in Sources */,
				41E8BA9A6D9062901CB99FB5 /* PredictionsServiceTests.swift in Sources */,
				ADAB967FEFC98D88B68AC524 /* ProStoreTests.swift in Sources */,
				E0B9502AB1D2A7DF2D3D70D6 /* SimulationDecodingTests.swift in Sources */,
				8715BB6C4D8E06A9C04D4965 /* TrackRecordDecodingTests.swift in Sources */,
				F519823ABD01AAEFFCB8266C /* UIThemeTests.swift in Sources */,
			);
			runOnlyForDeploymentPostprocessing = 0;
		};
/* End PBXSourcesBuildPhase section */

/* Begin PBXTargetDependency section */
		A2F51A29DF548317A904DD97 /* PBXTargetDependency */ = {
			isa = PBXTargetDependency;
			target = C9E6BBB32DE825D349A9097E /* SoccerOdds2026 */;
			targetProxy = 0EDBE15CBACFED241843E754 /* PBXContainerItemProxy */;
		};
/* End PBXTargetDependency section */

/* Begin XCBuildConfiguration section */
		3B9840A87E2F8B02D224EA96 /* Debug */ = {
			isa = XCBuildConfiguration;
			buildSettings = {
				ASSETCATALOG_COMPILER_APPICON_NAME = AppIcon;
				CODE_SIGN_IDENTITY = "iPhone Developer";
				INFOPLIST_FILE = SoccerOdds2026/Info.plist;
				LD_RUNPATH_SEARCH_PATHS = (
					"$(inherited)",
					"@executable_path/Frameworks",
				);
				PRODUCT_BUNDLE_IDENTIFIER = com.lawoflarge.worldcup2026odds;
				SDKROOT = iphoneos;
				TARGETED_DEVICE_FAMILY = 1;
			};
			name = Debug;
		};
		507CC711CE9A4FAC78CD03DC /* Release */ = {
			isa = XCBuildConfiguration;
			buildSettings = {
				BUNDLE_LOADER = "$(TEST_HOST)";
				CODE_SIGNING_ALLOWED = NO;
				LD_RUNPATH_SEARCH_PATHS = (
					"$(inherited)",
					"@executable_path/Frameworks",
					"@loader_path/Frameworks",
				);
				PRODUCT_BUNDLE_IDENTIFIER = com.lawoflarge.worldcup2026oddsTests;
				SDKROOT = iphoneos;
				TARGETED_DEVICE_FAMILY = "1,2";
				TEST_HOST = "$(BUILT_PRODUCTS_DIR)/SoccerOdds2026.app/SoccerOdds2026";
			};
			name = Release;
		};
		70F430947072785FAAF662B7 /* Debug */ = {
			isa = XCBuildConfiguration;
			buildSettings = {
				BUNDLE_LOADER = "$(TEST_HOST)";
				CODE_SIGNING_ALLOWED = NO;
				LD_RUNPATH_SEARCH_PATHS = (
					"$(inherited)",
					"@executable_path/Frameworks",
					"@loader_path/Frameworks",
				);
				PRODUCT_BUNDLE_IDENTIFIER = com.lawoflarge.worldcup2026oddsTests;
				SDKROOT = iphoneos;
				TARGETED_DEVICE_FAMILY = "1,2";
				TEST_HOST = "$(BUILT_PRODUCTS_DIR)/SoccerOdds2026.app/SoccerOdds2026";
			};
			name = Debug;
		};
		AEA334CD224DDCC36A250FE8 /* Debug */ = {
			isa = XCBuildConfiguration;
			buildSettings = {
				ALWAYS_SEARCH_USER_PATHS = NO;
				CLANG_ANALYZER_NONNULL = YES;
				CLANG_ANALYZER_NUMBER_OBJECT_CONVERSION = YES_AGGRESSIVE;
				CLANG_CXX_LANGUAGE_STANDARD = "gnu++14";
				CLANG_CXX_LIBRARY = "libc++";
				CLANG_ENABLE_MODULES = YES;
				CLANG_ENABLE_OBJC_ARC = YES;
				CLANG_ENABLE_OBJC_WEAK = YES;
				CLANG_WARN_BLOCK_CAPTURE_AUTORELEASING = YES;
				CLANG_WARN_BOOL_CONVERSION = YES;
				CLANG_WARN_COMMA = YES;
				CLANG_WARN_CONSTANT_CONVERSION = YES;
				CLANG_WARN_DEPRECATED_OBJC_IMPLEMENTATIONS = YES;
				CLANG_WARN_DIRECT_OBJC_ISA_USAGE = YES_ERROR;
				CLANG_WARN_DOCUMENTATION_COMMENTS = YES;
				CLANG_WARN_EMPTY_BODY = YES;
				CLANG_WARN_ENUM_CONVERSION = YES;
				CLANG_WARN_INFINITE_RECURSION = YES;
				CLANG_WARN_INT_CONVERSION = YES;
				CLANG_WARN_NON_LITERAL_NULL_CONVERSION = YES;
				CLANG_WARN_OBJC_IMPLICIT_RETAIN_SELF = YES;
				CLANG_WARN_OBJC_LITERAL_CONVERSION = YES;
				CLANG_WARN_OBJC_ROOT_CLASS = YES_ERROR;
				CLANG_WARN_QUOTED_INCLUDE_IN_FRAMEWORK_HEADER = YES;
				CLANG_WARN_RANGE_LOOP_ANALYSIS = YES;
				CLANG_WARN_STRICT_PROTOTYPES = YES;
				CLANG_WARN_SUSPICIOUS_MOVE = YES;
				CLANG_WARN_UNGUARDED_AVAILABILITY = YES_AGGRESSIVE;
				CLANG_WARN_UNREACHABLE_CODE = YES;
				CLANG_WARN__DUPLICATE_METHOD_MATCH = YES;
				CODE_SIGNING_ALLOWED = NO;
				COPY_PHASE_STRIP = NO;
				CURRENT_PROJECT_VERSION = 3;
				DEBUG_INFORMATION_FORMAT = dwarf;
				ENABLE_STRICT_OBJC_MSGSEND = YES;
				ENABLE_TESTABILITY = YES;
				GCC_C_LANGUAGE_STANDARD = gnu11;
				GCC_DYNAMIC_NO_PIC = NO;
				GCC_NO_COMMON_BLOCKS = YES;
				GCC_OPTIMIZATION_LEVEL = 0;
				GCC_PREPROCESSOR_DEFINITIONS = (
					"$(inherited)",
					"DEBUG=1",
				);
				GCC_WARN_64_TO_32_BIT_CONVERSION = YES;
				GCC_WARN_ABOUT_RETURN_TYPE = YES_ERROR;
				GCC_WARN_UNDECLARED_SELECTOR = YES;
				GCC_WARN_UNINITIALIZED_AUTOS = YES_AGGRESSIVE;
				GCC_WARN_UNUSED_FUNCTION = YES;
				GCC_WARN_UNUSED_VARIABLE = YES;
				IPHONEOS_DEPLOYMENT_TARGET = 17.0;
				MARKETING_VERSION = 1.0.1;
				MTL_ENABLE_DEBUG_INFO = INCLUDE_SOURCE;
				MTL_FAST_MATH = YES;
				ONLY_ACTIVE_ARCH = YES;
				PRODUCT_NAME = "$(TARGET_NAME)";
				SDKROOT = iphoneos;
				SWIFT_ACTIVE_COMPILATION_CONDITIONS = DEBUG;
				SWIFT_OPTIMIZATION_LEVEL = "-Onone";
				SWIFT_VERSION = 5.0;
			};
			name = Debug;
		};
		CFC2157B2FAD1D78F46B63C7 /* Release */ = {
			isa = XCBuildConfiguration;
			buildSettings = {
				ASSETCATALOG_COMPILER_APPICON_NAME = AppIcon;
				CODE_SIGNING_ALLOWED = YES;
				CODE_SIGN_IDENTITY = "Apple Distribution";
				CODE_SIGN_STYLE = Manual;
				DEVELOPMENT_TEAM = R95M36AU2X;
				INFOPLIST_FILE = SoccerOdds2026/Info.plist;
				LD_RUNPATH_SEARCH_PATHS = (
					"$(inherited)",
					"@executable_path/Frameworks",
				);
				PRODUCT_BUNDLE_IDENTIFIER = com.lawoflarge.worldcup2026odds;
				PROVISIONING_PROFILE_SPECIFIER = "SoccerOdds2026 ios_app_store 1780498369";
				SDKROOT = iphoneos;
				TARGETED_DEVICE_FAMILY = 1;
			};
			name = Release;
		};
		E00D42E8C69D94EE1844F3A8 /* Release */ = {
			isa = XCBuildConfiguration;
			buildSettings = {
				ALWAYS_SEARCH_USER_PATHS = NO;
				CLANG_ANALYZER_NONNULL = YES;
				CLANG_ANALYZER_NUMBER_OBJECT_CONVERSION = YES_AGGRESSIVE;
				CLANG_CXX_LANGUAGE_STANDARD = "gnu++14";
				CLANG_CXX_LIBRARY = "libc++";
				CLANG_ENABLE_MODULES = YES;
				CLANG_ENABLE_OBJC_ARC = YES;
				CLANG_ENABLE_OBJC_WEAK = YES;
				CLANG_WARN_BLOCK_CAPTURE_AUTORELEASING = YES;
				CLANG_WARN_BOOL_CONVERSION = YES;
				CLANG_WARN_COMMA = YES;
				CLANG_WARN_CONSTANT_CONVERSION = YES;
				CLANG_WARN_DEPRECATED_OBJC_IMPLEMENTATIONS = YES;
				CLANG_WARN_DIRECT_OBJC_ISA_USAGE = YES_ERROR;
				CLANG_WARN_DOCUMENTATION_COMMENTS = YES;
				CLANG_WARN_EMPTY_BODY = YES;
				CLANG_WARN_ENUM_CONVERSION = YES;
				CLANG_WARN_INFINITE_RECURSION = YES;
				CLANG_WARN_INT_CONVERSION = YES;
				CLANG_WARN_NON_LITERAL_NULL_CONVERSION = YES;
				CLANG_WARN_OBJC_IMPLICIT_RETAIN_SELF = YES;
				CLANG_WARN_OBJC_LITERAL_CONVERSION = YES;
				CLANG_WARN_OBJC_ROOT_CLASS = YES_ERROR;
				CLANG_WARN_QUOTED_INCLUDE_IN_FRAMEWORK_HEADER = YES;
				CLANG_WARN_RANGE_LOOP_ANALYSIS = YES;
				CLANG_WARN_STRICT_PROTOTYPES = YES;
				CLANG_WARN_SUSPICIOUS_MOVE = YES;
				CLANG_WARN_UNGUARDED_AVAILABILITY = YES_AGGRESSIVE;
				CLANG_WARN_UNREACHABLE_CODE = YES;
				CLANG_WARN__DUPLICATE_METHOD_MATCH = YES;
				COPY_PHASE_STRIP = NO;
				CURRENT_PROJECT_VERSION = 3;
				DEBUG_INFORMATION_FORMAT = "dwarf-with-dsym";
				ENABLE_NS_ASSERTIONS = NO;
				ENABLE_STRICT_OBJC_MSGSEND = YES;
				GCC_C_LANGUAGE_STANDARD = gnu11;
				GCC_NO_COMMON_BLOCKS = YES;
				GCC_WARN_64_TO_32_BIT_CONVERSION = YES;
				GCC_WARN_ABOUT_RETURN_TYPE = YES_ERROR;
				GCC_WARN_UNDECLARED_SELECTOR = YES;
				GCC_WARN_UNINITIALIZED_AUTOS = YES_AGGRESSIVE;
				GCC_WARN_UNUSED_FUNCTION = YES;
				GCC_WARN_UNUSED_VARIABLE = YES;
				IPHONEOS_DEPLOYMENT_TARGET = 17.0;
				MARKETING_VERSION = 1.0.1;
				MTL_ENABLE_DEBUG_INFO = NO;
				MTL_FAST_MATH = YES;
				PRODUCT_NAME = "$(TARGET_NAME)";
				SDKROOT = iphoneos;
				SWIFT_COMPILATION_MODE = wholemodule;
				SWIFT_OPTIMIZATION_LEVEL = "-O";
				SWIFT_VERSION = 5.0;
			};
			name = Release;
		};
/* End XCBuildConfiguration section */

/* Begin XCConfigurationList section */
		9C9505E47DBC6F9514F128EF /* Build configuration list for PBXNativeTarget "SoccerOdds2026Tests" */ = {
			isa = XCConfigurationList;
			buildConfigurations = (
				70F430947072785FAAF662B7 /* Debug */,
				507CC711CE9A4FAC78CD03DC /* Release */,
			);
			defaultConfigurationIsVisible = 0;
			defaultConfigurationName = Debug;
		};
		C2CF3CBF2A7E241C549D81EC /* Build configuration list for PBXProject "SoccerOdds2026" */ = {
			isa = XCConfigurationList;
			buildConfigurations = (
				AEA334CD224DDCC36A250FE8 /* Debug */,
				E00D42E8C69D94EE1844F3A8 /* Release */,
			);
			defaultConfigurationIsVisible = 0;
			defaultConfigurationName = Debug;
		};
		FFFE7C617E9ECBE9553E295D /* Build configuration list for PBXNativeTarget "SoccerOdds2026" */ = {
			isa = XCConfigurationList;
			buildConfigurations = (
				3B9840A87E2F8B02D224EA96 /* Debug */,
				CFC2157B2FAD1D78F46B63C7 /* Release */,
			);
			defaultConfigurationIsVisible = 0;
			defaultConfigurationName = Debug;
		};
/* End XCConfigurationList section */

/* Begin XCRemoteSwiftPackageReference section */
		2865C426F4904245F09D2FE2 /* XCRemoteSwiftPackageReference "swift-package-manager-google-mobile-ads" */ = {
			isa = XCRemoteSwiftPackageReference;
			repositoryURL = "https://github.com/googleads/swift-package-manager-google-mobile-ads.git";
			requirement = {
				kind = upToNextMajorVersion;
				minimumVersion = 13.0.0;
			};
		};
		F65FC88EBD107E985E2EB2B9 /* XCRemoteSwiftPackageReference "swift-package-manager-google-user-messaging-platform" */ = {
			isa = XCRemoteSwiftPackageReference;
			repositoryURL = "https://github.com/googleads/swift-package-manager-google-user-messaging-platform.git";
			requirement = {
				kind = upToNextMajorVersion;
				minimumVersion = 3.0.0;
			};
		};
/* End XCRemoteSwiftPackageReference section */

/* Begin XCSwiftPackageProductDependency section */
		2C98D03613CDC9354BC078E6 /* GoogleUserMessagingPlatform */ = {
			isa = XCSwiftPackageProductDependency;
			package = F65FC88EBD107E985E2EB2B9 /* XCRemoteSwiftPackageReference "swift-package-manager-google-user-messaging-platform" */;
			productName = GoogleUserMessagingPlatform;
		};
		FF3AE00D5D50568169F57A87 /* GoogleMobileAds */ = {
			isa = XCSwiftPackageProductDependency;
			package = 2865C426F4904245F09D2FE2 /* XCRemoteSwiftPackageReference "swift-package-manager-google-mobile-ads" */;
			productName = GoogleMobileAds;
		};
/* End XCSwiftPackageProductDependency section */
	};
	rootObject = 6CA35BDA31AB420C8E6823F6 /* Project object */;
}
